
Microsoft Visual Studio Solution File, Format Version 12.00
# Visual Studio Version 16
VisualStudioVersion = 16.0.31624.102
MinimumVisualStudioVersion = 10.0.40219.1
Project("{FAE04EC0-301F-11D3-BF4B-00C04F79EFBC}") = "dogumTarihiHesaplama", "dogumTarihiHesaplama\dogumTarihiHesaplama.csproj", "{178338BD-463E-4A03-9AE6-E35FE08B47AF}"
EndProject
Global
	GlobalSection(SolutionConfigurationPlatforms) = preSolution
		Debug|Any CPU = Debug|Any CPU
		Release|Any CPU = Release|Any CPU
	EndGlobalSection
	GlobalSection(ProjectConfigurationPlatforms) = postSolution
		{178338BD-463E-4A03-9AE6-E35FE08B47AF}.Debug|Any CPU.ActiveCfg = Debug|Any CPU
		{178338BD-463E-4A03-9AE6-E35FE08B47AF}.Debug|Any CPU.Build.0 = Debug|Any CPU
		{178338BD-463E-4A03-9AE6-E35FE08B47AF}.Release|Any CPU.ActiveCfg = Release|Any CPU
		{178338BD-463E-4A03-9AE6-E35FE08B47AF}.Release|Any CPU.Build.0 = Release|Any CPU
	EndGlobalSection
	GlobalSection(SolutionProperties) = preSolution
		HideSolutionNode = FALSE
	EndGlobalSection
	GlobalSection(ExtensibilityGlobals) = postSolution
		SolutionGuid = {6F9220F4-07AC-4831-BF4B-4A5860E6D820}
	EndGlobalSection
EndGlobal
